
Microsoft Visual Studio Solution File, Format Version 12.00
# Visual Studio Version 16
VisualStudioVersion = 16.0.31605.320
MinimumVisualStudioVersion = 10.0.40219.1
Project("{2150E333-8FDC-42A3-9474-1A3956D46DE8}") = "Services", "Services", "{F6ECF7A1-7CD2-46B0-A09E-473F1063937D}"
EndProject
Project("{2150E333-8FDC-42A3-9474-1A3956D46DE8}") = "Catalog", "Catalog", "{051B66B9-1A5C-4C3F-9916-77FCE2BB24C9}"
EndProject
Project("{9A19103F-16F7-4668-BE54-9A1E7A4F7556}") = "Catalog.API", "Services\Catalog\Catalog.API\Catalog.API.csproj", "{0AA3E891-E6D3-4B3C-8B07-BD1A8E1169CA}"
EndProject
Project("{E53339B2-1760-4266-BCC7-CA923CBCF16C}") = "docker-compose", "docker-compose.dcproj", "{82DF8824-29C3-48EC-8966-FF758C978B69}"
EndProject
Project("{2150E333-8FDC-42A3-9474-1A3956D46DE8}") = "Basket", "Basket", "{5F3A7E4C-C7D4-4E5F-8F75-1B08A07F9E1B}"
EndProject
Project("{9A19103F-16F7-4668-BE54-9A1E7A4F7556}") = "Basket.API", "Services\Basket\Basket.API\Basket.API.csproj", "{1E0DB75A-1C7A-480C-9744-500021EE3910}"
EndProject
Project("{2150E333-8FDC-42A3-9474-1A3956D46DE8}") = "Discount", "Discount", "{CD70AA77-1713-42E4-B85F-401C8131D9DD}"
EndProject
Project("{9A19103F-16F7-4668-BE54-9A1E7A4F7556}") = "Discount.API", "Services\Discount\Discount.API\Discount.API.csproj", "{8CB459E0-BD6A-48F8-B93E-A63467491D22}"
EndProject
Project("{9A19103F-16F7-4668-BE54-9A1E7A4F7556}") = "Discount.Grpc", "Services\Discount\Discount.Grpc\Discount.Grpc.csproj", "{C16E3086-F1D0-4F71-BB46-4AE8626A2FAE}"
EndProject
Project("{2150E333-8FDC-42A3-9474-1A3956D46DE8}") = "Ordering", "Ordering", "{3E2B0CA0-1A6E-463B-90CB-8999CC3A3DD0}"
EndProject
Project("{FAE04EC0-301F-11D3-BF4B-00C04F79EFBC}") = "Ordering.API", "Services\Ordering\Ordering.API\Ordering.API.csproj", "{8FDE494A-3A76-49A8-9EEC-F0F17CEA9936}"
EndProject
Project("{FAE04EC0-301F-11D3-BF4B-00C04F79EFBC}") = "Ordering.Domain", "Services\Ordering\Ordering.Domain\Ordering.Domain.csproj", "{A1936B9A-D02B-4599-ADF4-00DD8904E7D2}"
EndProject
Project("{FAE04EC0-301F-11D3-BF4B-00C04F79EFBC}") = "Ordering.Application", "Services\Ordering\Ordering.Application\Ordering.Application.csproj", "{073DEEC3-EC98-49BB-8FB4-59CE6E379FFD}"
EndProject
Project("{FAE04EC0-301F-11D3-BF4B-00C04F79EFBC}") = "Ordering.Infrastructure", "Services\Ordering\Ordering.Infrastructure\Ordering.Infrastructure.csproj", "{202DEE61-4DF9-4116-BAA4-FB0CBA03A75D}"
EndProject
Global
	GlobalSection(SolutionConfigurationPlatforms) = preSolution
		Debug|Any CPU = Debug|Any CPU
		Release|Any CPU = Release|Any CPU
	EndGlobalSection
	GlobalSection(ProjectConfigurationPlatforms) = postSolution
		{0AA3E891-E6D3-4B3C-8B07-BD1A8E1169CA}.Debug|Any CPU.ActiveCfg = Debug|Any CPU
		{0AA3E891-E6D3-4B3C-8B07-BD1A8E1169CA}.Debug|Any CPU.Build.0 = Debug|Any CPU
		{0AA3E891-E6D3-4B3C-8B07-BD1A8E1169CA}.Release|Any CPU.ActiveCfg = Release|Any CPU
		{0AA3E891-E6D3-4B3C-8B07-BD1A8E1169CA}.Release|Any CPU.Build.0 = Release|Any CPU
		{82DF8824-29C3-48EC-8966-FF758C978B69}.Debug|Any CPU.ActiveCfg = Debug|Any CPU
		{82DF8824-29C3-48EC-8966-FF758C978B69}.Debug|Any CPU.Build.0 = Debug|Any CPU
		{82DF8824-29C3-48EC-8966-FF758C978B69}.Release|Any CPU.ActiveCfg = Release|Any CPU
		{82DF8824-29C3-48EC-8966-FF758C978B69}.Release|Any CPU.Build.0 = Release|Any CPU
		{1E0DB75A-1C7A-480C-9744-500021EE3910}.Debug|Any CPU.ActiveCfg = Debug|Any CPU
		{1E0DB75A-1C7A-480C-9744-500021EE3910}.Debug|Any CPU.Build.0 = Debug|Any CPU
		{1E0DB75A-1C7A-480C-9744-500021EE3910}.Release|Any CPU.ActiveCfg = Release|Any CPU
		{1E0DB75A-1C7A-480C-9744-500021EE3910}.Release|Any CPU.Build.0 = Release|Any CPU
		{8CB459E0-BD6A-48F8-B93E-A63467491D22}.Debug|Any CPU.ActiveCfg = Debug|Any CPU
		{8CB459E0-BD6A-48F8-B93E-A63467491D22}.Debug|Any CPU.Build.0 = Debug|Any CPU
		{8CB459E0-BD6A-48F8-B93E-A63467491D22}.Release|Any CPU.ActiveCfg = Release|Any CPU
		{8CB459E0-BD6A-48F8-B93E-A63467491D22}.Release|Any CPU.Build.0 = Release|Any CPU
		{C16E3086-F1D0-4F71-BB46-4AE8626A2FAE}.Debug|Any CPU.ActiveCfg = Debug|Any CPU
		{C16E3086-F1D0-4F71-BB46-4AE8626A2FAE}.Debug|Any CPU.Build.0 = Debug|Any CPU
		{C16E3086-F1D0-4F71-BB46-4AE8626A2FAE}.Release|Any CPU.ActiveCfg = Release|Any CPU
		{C16E3086-F1D0-4F71-BB46-4AE8626A2FAE}.Release|Any CPU.Build.0 = Release|Any CPU
		{8FDE494A-3A76-49A8-9EEC-F0F17CEA9936}.Debug|Any CPU.ActiveCfg = Debug|Any CPU
		{8FDE494A-3A76-49A8-9EEC-F0F17CEA9936}.Debug|Any CPU.Build.0 = Debug|Any CPU
		{8FDE494A-3A76-49A8-9EEC-F0F17CEA9936}.Release|Any CPU.ActiveCfg = Release|Any CPU
		{8FDE494A-3A76-49A8-9EEC-F0F17CEA9936}.Release|Any CPU.Build.0 = Release|Any CPU
		{A1936B9A-D02B-4599-ADF4-00DD8904E7D2}.Debug|Any CPU.ActiveCfg = Debug|Any CPU
		{A1936B9A-D02B-4599-ADF4-00DD8904E7D2}.Debug|Any CPU.Build.0 = Debug|Any CPU
		{A1936B9A-D02B-4599-ADF4-00DD8904E7D2}.Release|Any CPU.ActiveCfg = Release|Any CPU
		{A1936B9A-D02B-4599-ADF4-00DD8904E7D2}.Release|Any CPU.Build.0 = Release|Any CPU
		{073DEEC3-EC98-49BB-8FB4-59CE6E379FFD}.Debug|Any CPU.ActiveCfg = Debug|Any CPU
		{073DEEC3-EC98-49BB-8FB4-59CE6E379FFD}.Debug|Any CPU.Build.0 = Debug|Any CPU
		{073DEEC3-EC98-49BB-8FB4-59CE6E379FFD}.Release|Any CPU.ActiveCfg = Release|Any CPU
		{073DEEC3-EC98-49BB-8FB4-59CE6E379FFD}.Release|Any CPU.Build.0 = Release|Any CPU
		{202DEE61-4DF9-4116-BAA4-FB0CBA03A75D}.Debug|Any CPU.ActiveCfg = Debug|Any CPU
		{202DEE61-4DF9-4116-BAA4-FB0CBA03A75D}.Debug|Any CPU.Build.0 = Debug|Any CPU
		{202DEE61-4DF9-4116-BAA4-FB0CBA03A75D}.Release|Any CPU.ActiveCfg = Release|Any CPU
		{202DEE61-4DF9-4116-BAA4-FB0CBA03A75D}.Release|Any CPU.Build.0 = Release|Any CPU
	EndGlobalSection
	GlobalSection(SolutionProperties) = preSolution
		HideSolutionNode = FALSE
	EndGlobalSection
	GlobalSection(NestedProjects) = preSolution
		{051B66B9-1A5C-4C3F-9916-77FCE2BB24C9} = {F6ECF7A1-7CD2-46B0-A09E-473F1063937D}
		{0AA3E891-E6D3-4B3C-8B07-BD1A8E1169CA} = {051B66B9-1A5C-4C3F-9916-77FCE2BB24C9}
		{5F3A7E4C-C7D4-4E5F-8F75-1B08A07F9E1B} = {F6ECF7A1-7CD2-46B0-A09E-473F1063937D}
		{1E0DB75A-1C7A-480C-9744-500021EE3910} = {5F3A7E4C-C7D4-4E5F-8F75-1B08A07F9E1B}
		{CD70AA77-1713-42E4-B85F-401C8131D9DD} = {F6ECF7A1-7CD2-46B0-A09E-473F1063937D}
		{8CB459E0-BD6A-48F8-B93E-A63467491D22} = {CD70AA77-1713-42E4-B85F-401C8131D9DD}
		{C16E3086-F1D0-4F71-BB46-4AE8626A2FAE} = {CD70AA77-1713-42E4-B85F-401C8131D9DD}
		{3E2B0CA0-1A6E-463B-90CB-8999CC3A3DD0} = {F6ECF7A1-7CD2-46B0-A09E-473F1063937D}
		{8FDE494A-3A76-49A8-9EEC-F0F17CEA9936} = {3E2B0CA0-1A6E-463B-90CB-8999CC3A3DD0}
		{A1936B9A-D02B-4599-ADF4-00DD8904E7D2} = {3E2B0CA0-1A6E-463B-90CB-8999CC3A3DD0}
		{073DEEC3-EC98-49BB-8FB4-59CE6E379FFD} = {3E2B0CA0-1A6E-463B-90CB-8999CC3A3DD0}
		{202DEE61-4DF9-4116-BAA4-FB0CBA03A75D} = {3E2B0CA0-1A6E-463B-90CB-8999CC3A3DD0}
	EndGlobalSection
	GlobalSection(ExtensibilityGlobals) = postSolution
		SolutionGuid = {80D3AD33-1757-4F6B-A5D1-FF3C95902903}
	EndGlobalSection
EndGlobal
